
Microsoft Visual Studio Solution File, Format Version 12.00
# Visual Studio Version 17
VisualStudioVersion = 17.1.32407.343
MinimumVisualStudioVersion = 10.0.40219.1
Project("{9A19103F-16F7-4668-BE54-9A1E7A4F7556}") = "Health.Api", "Health.Api.csproj", "{FB1A3AEE-3152-4989-87DD-B5E9E0F2F97C}"
EndProject
Project("{FAE04EC0-301F-11D3-BF4B-00C04F79EFBC}") = "Health.Data", "..\Health.Data\Health.Data.csproj", "{B4013CDA-E47E-476E-A23A-6E473F1A5AF4}"
EndProject
Global
	GlobalSection(SolutionConfigurationPlatforms) = preSolution
		Debug|Any CPU = Debug|Any CPU
		Release|Any CPU = Release|Any CPU
	EndGlobalSection
	GlobalSection(ProjectConfigurationPlatforms) = postSolution
		{FB1A3AEE-3152-4989-87DD-B5E9E0F2F97C}.Debug|Any CPU.ActiveCfg = Debug|Any CPU
		{FB1A3AEE-3152-4989-87DD-B5E9E0F2F97C}.Debug|Any CPU.Build.0 = Debug|Any CPU
		{FB1A3AEE-3152-4989-87DD-B5E9E0F2F97C}.Release|Any CPU.ActiveCfg = Release|Any CPU
		{FB1A3AEE-3152-4989-87DD-B5E9E0F2F97C}.Release|Any CPU.Build.0 = Release|Any CPU
		{B4013CDA-E47E-476E-A23A-6E473F1A5AF4}.Debug|Any CPU.ActiveCfg = Debug|Any CPU
		{B4013CDA-E47E-476E-A23A-6E473F1A5AF4}.Debug|Any CPU.Build.0 = Debug|Any CPU
		{B4013CDA-E47E-476E-A23A-6E473F1A5AF4}.Release|Any CPU.ActiveCfg = Release|Any CPU
		{B4013CDA-E47E-476E-A23A-6E473F1A5AF4}.Release|Any CPU.Build.0 = Release|Any CPU
	EndGlobalSection
	GlobalSection(SolutionProperties) = preSolution
		HideSolutionNode = FALSE
	EndGlobalSection
	GlobalSection(ExtensibilityGlobals) = postSolution
		SolutionGuid = {D55C71E6-FB55-485C-BD30-1F87A5B47690}
	EndGlobalSection
EndGlobal
